
Microsoft Visual Studio Solution File, Format Version 12.00
# Visual Studio Version 17
VisualStudioVersion = 17.7.34031.279
MinimumVisualStudioVersion = 10.0.40219.1
Project("{FAE04EC0-301F-11D3-BF4B-00C04F79EFBC}") = "PropLegisApp", "PropLegisApp\PropLegisApp.csproj", "{F6075913-E141-4D56-BE5C-D744E289993C}"
EndProject
Global
	GlobalSection(SolutionConfigurationPlatforms) = preSolution
		Debug|Any CPU = Debug|Any CPU
		Release|Any CPU = Release|Any CPU
	EndGlobalSection
	GlobalSection(ProjectConfigurationPlatforms) = postSolution
		{F6075913-E141-4D56-BE5C-D744E289993C}.Debug|Any CPU.ActiveCfg = Debug|Any CPU
		{F6075913-E141-4D56-BE5C-D744E289993C}.Debug|Any CPU.Build.0 = Debug|Any CPU
		{F6075913-E141-4D56-BE5C-D744E289993C}.Release|Any CPU.ActiveCfg = Release|Any CPU
		{F6075913-E141-4D56-BE5C-D744E289993C}.Release|Any CPU.Build.0 = Release|Any CPU
	EndGlobalSection
	GlobalSection(SolutionProperties) = preSolution
		HideSolutionNode = FALSE
	EndGlobalSection
	GlobalSection(ExtensibilityGlobals) = postSolution
		SolutionGuid = {E462F805-E926-4F27-A300-3486835DD5EE}
	EndGlobalSection
EndGlobal
